# This file is autogenerated, do not edit; changes may be undone by the next 'dep ensure'.


[[projects]]
  name = "github.com/gogap/logrus"
  packages = ["."]
  revision = "98a1428efc3d732f9e377b50c8e2113e070896cf"
  version = "v0.8.2"

[solve-meta]
  analyzer-name = "dep"
  analyzer-version = 1
  inputs-digest = "e37a5db8bf6b06979c2b6b88064dbabc0479502fa9f7217c915c0d89f75ac93b"
  solver-name = "gps-cdcl"
  solver-version = 1
